
Microsoft Visual Studio Solution File, Format Version 12.00
# Visual Studio 14
VisualStudioVersion = 14.0.25420.1
MinimumVisualStudioVersion = 10.0.40219.1
Project("{FAE04EC0-301F-11D3-BF4B-00C04F79EFBC}") = "GoogleSearchImageTest", "GoogleSearchImageTest\GoogleSearchImageTest.csproj", "{471D9485-C494-4EAB-B85E-4461DAAA0170}"
EndProject
Project("{FAE04EC0-301F-11D3-BF4B-00C04F79EFBC}") = "GoogleSearchImageTest.Tests", "GoogleSearchImageTest.Tests\GoogleSearchImageTest.Tests.csproj", "{4C3F435E-E5F2-4C9D-A02C-6B4526EDA669}"
EndProject
Project("{FAE04EC0-301F-11D3-BF4B-00C04F79EFBC}") = "GoogleSearchImageDomain", "GoogleSearchImageDomain\GoogleSearchImageDomain.csproj", "{F8D57EE4-07FD-4E6B-988F-E8E9FEBDD9B4}"
EndProject
Global
	GlobalSection(SolutionConfigurationPlatforms) = preSolution
		Debug|Any CPU = Debug|Any CPU
		Release|Any CPU = Release|Any CPU
	EndGlobalSection
	GlobalSection(ProjectConfigurationPlatforms) = postSolution
		{471D9485-C494-4EAB-B85E-4461DAAA0170}.Debug|Any CPU.ActiveCfg = Debug|Any CPU
		{471D9485-C494-4EAB-B85E-4461DAAA0170}.Debug|Any CPU.Build.0 = Debug|Any CPU
		{471D9485-C494-4EAB-B85E-4461DAAA0170}.Release|Any CPU.ActiveCfg = Release|Any CPU
		{471D9485-C494-4EAB-B85E-4461DAAA0170}.Release|Any CPU.Build.0 = Release|Any CPU
		{4C3F435E-E5F2-4C9D-A02C-6B4526EDA669}.Debug|Any CPU.ActiveCfg = Debug|Any CPU
		{4C3F435E-E5F2-4C9D-A02C-6B4526EDA669}.Debug|Any CPU.Build.0 = Debug|Any CPU
		{4C3F435E-E5F2-4C9D-A02C-6B4526EDA669}.Release|Any CPU.ActiveCfg = Release|Any CPU
		{4C3F435E-E5F2-4C9D-A02C-6B4526EDA669}.Release|Any CPU.Build.0 = Release|Any CPU
		{F8D57EE4-07FD-4E6B-988F-E8E9FEBDD9B4}.Debug|Any CPU.ActiveCfg = Debug|Any CPU
		{F8D57EE4-07FD-4E6B-988F-E8E9FEBDD9B4}.Debug|Any CPU.Build.0 = Debug|Any CPU
		{F8D57EE4-07FD-4E6B-988F-E8E9FEBDD9B4}.Release|Any CPU.ActiveCfg = Release|Any CPU
		{F8D57EE4-07FD-4E6B-988F-E8E9FEBDD9B4}.Release|Any CPU.Build.0 = Release|Any CPU
	EndGlobalSection
	GlobalSection(SolutionProperties) = preSolution
		HideSolutionNode = FALSE
	EndGlobalSection
EndGlobal
